// !$*UTF8*$!
{
	archiveVersion = 1;
	classes = {
	};
	objectVersion = 48;
	objects = {

/* Begin PBXBuildFile section */
		430E619C205F066B00AECF27 /* BSFeedViewController.swift in Sources */ = {isa = PBXBuildFile; fileRef = 430E619B205F066B00AECF27 /* BSFeedViewController.swift */; };
		430E619E205F076B00AECF27 /* BSFeedTableViewCell.swift in Sources */ = {isa = PBXBuildFile; fileRef = 430E619D205F076B00AECF27 /* BSFeedTableViewCell.swift */; };
		430E61A0205F0C6100AECF27 /* BSCameraViewController.swift in Sources */ = {isa = PBXBuildFile; fileRef = 430E619F205F0C6100AECF27 /* BSCameraViewController.swift */; };
		430E61A2205F0C6D00AECF27 /* BSNotificationsViewController.swift in Sources */ = {isa = PBXBuildFile; fileRef = 430E61A1205F0C6D00AECF27 /* BSNotificationsViewController.swift */; };
		430E61A4205F0C7700AECF27 /* BSAccountViewController.swift in Sources */ = {isa = PBXBuildFile; fileRef = 430E61A3205F0C7700AECF27 /* BSAccountViewController.swift */; };
		430E61A6205F0FB700AECF27 /* BSUserSnippetTableViewCell.swift in Sources */ = {isa = PBXBuildFile; fileRef = 430E61A5205F0FB700AECF27 /* BSUserSnippetTableViewCell.swift */; };
		430E61A8205F104600AECF27 /* Constants.swift in Sources */ = {isa = PBXBuildFile; fileRef = 430E61A7205F104600AECF27 /* Constants.swift */; };
		430E61AA205F117900AECF27 /* CustomUIKitExtensions.swift in Sources */ = {isa = PBXBuildFile; fileRef = 430E61A9205F117900AECF27 /* CustomUIKitExtensions.swift */; };
		430E61AC205F11B200AECF27 /* BSSeparator.swift in Sources */ = {isa = PBXBuildFile; fileRef = 430E61AB205F11B200AECF27 /* BSSeparator.swift */; };
		430E61AE205F12B000AECF27 /* BSImageTableViewCell.swift in Sources */ = {isa = PBXBuildFile; fileRef = 430E61AD205F12B000AECF27 /* BSImageTableViewCell.swift */; };
		430E61B0205F1BAB00AECF27 /* BSFeedActionsTableViewCell.swift in Sources */ = {isa = PBXBuildFile; fileRef = 430E61AF205F1BAB00AECF27 /* BSFeedActionsTableViewCell.swift */; };
		430E61B2205F220A00AECF27 /* BSPostDetailTableViewCell.swift in Sources */ = {isa = PBXBuildFile; fileRef = 430E61B1205F220A00AECF27 /* BSPostDetailTableViewCell.swift */; };
		430E61B4205F255B00AECF27 /* BSAddCommentTableViewCell.swift in Sources */ = {isa = PBXBuildFile; fileRef = 430E61B3205F255B00AECF27 /* BSAddCommentTableViewCell.swift */; };
		437590C7206073ED00A7AAEA /* BSImageCollectionViewCell.swift in Sources */ = {isa = PBXBuildFile; fileRef = 437590C6206073ED00A7AAEA /* BSImageCollectionViewCell.swift */; };
		437590C92060DED600A7AAEA /* BSPostViewController.swift in Sources */ = {isa = PBXBuildFile; fileRef = 437590C82060DED600A7AAEA /* BSPostViewController.swift */; };
		437590CB2060E8B900A7AAEA /* GoogleService-Info.plist in Resources */ = {isa = PBXBuildFile; fileRef = 437590CA2060E8B800A7AAEA /* GoogleService-Info.plist */; };
		43910A9A203CC917009171CB /* AppDelegate.swift in Sources */ = {isa = PBXBuildFile; fileRef = 43910A99203CC917009171CB /* AppDelegate.swift */; };
		43910AA3203CC917009171CB /* Assets.xcassets in Resources */ = {isa = PBXBuildFile; fileRef = 43910AA2203CC917009171CB /* Assets.xcassets */; };
		43910AA6203CC917009171CB /* LaunchScreen.storyboard in Resources */ = {isa = PBXBuildFile; fileRef = 43910AA4203CC917009171CB /* LaunchScreen.storyboard */; };
		43910AB1203CC917009171CB /* botsocialTests.swift in Sources */ = {isa = PBXBuildFile; fileRef = 43910AB0203CC917009171CB /* botsocialTests.swift */; };
		43910ABC203CC918009171CB /* botsocialUITests.swift in Sources */ = {isa = PBXBuildFile; fileRef = 43910ABB203CC918009171CB /* botsocialUITests.swift */; };
		43927C9820603DDE002BE1AC /* BSPhotoCaptureDelegate.swift in Sources */ = {isa = PBXBuildFile; fileRef = 43927C9720603DDE002BE1AC /* BSPhotoCaptureDelegate.swift */; };
		43927C9A20605B09002BE1AC /* BSNotificationTableViewCell.swift in Sources */ = {isa = PBXBuildFile; fileRef = 43927C9920605B09002BE1AC /* BSNotificationTableViewCell.swift */; };
		43927C9C20606D20002BE1AC /* BSUserProfileCollectionViewCell.swift in Sources */ = {isa = PBXBuildFile; fileRef = 43927C9B20606D20002BE1AC /* BSUserProfileCollectionViewCell.swift */; };
		43A5174220629E3D00F49ADF /* BSFilterView.swift in Sources */ = {isa = PBXBuildFile; fileRef = 43A5174120629E3D00F49ADF /* BSFilterView.swift */; };
		43A5174420629FAC00F49ADF /* BSFilterCollectionViewCell.swift in Sources */ = {isa = PBXBuildFile; fileRef = 43A5174320629FAC00F49ADF /* BSFilterCollectionViewCell.swift */; };
		43A98C06206122B500739551 /* BSFeaturedPostTableViewCell.swift in Sources */ = {isa = PBXBuildFile; fileRef = 43A98C05206122B500739551 /* BSFeaturedPostTableViewCell.swift */; };
		6696C21C6D06CDDC0C9C3975 /* Pods_botsocial.framework in Frameworks */ = {isa = PBXBuildFile; fileRef = E6D73461FF8EA10B5F94BD03 /* Pods_botsocial.framework */; };
		91745515BC721B3D3F09F253 /* Pods_botsocialTests.framework in Frameworks */ = {isa = PBXBuildFile; fileRef = 4718A2820C609AF2A7866FA5 /* Pods_botsocialTests.framework */; };
		A2EF02B790F2FFC112BE2E00 /* Pods_botsocialUITests.framework in Frameworks */ = {isa = PBXBuildFile; fileRef = 69B79F3524E09D553463AFD5 /* Pods_botsocialUITests.framework */; };
/* End PBXBuildFile section */

/* Begin PBXContainerItemProxy section */
		43910AAD203CC917009171CB /* PBXContainerItemProxy */ = {
			isa = PBXContainerItemProxy;
			containerPortal = 43910A8E203CC917009171CB /* Project object */;
			proxyType = 1;
			remoteGlobalIDString = 43910A95203CC917009171CB;
			remoteInfo = botsocial;
		};
		43910AB8203CC918009171CB /* PBXContainerItemProxy */ = {
			isa = PBXContainerItemProxy;
			containerPortal = 43910A8E203CC917009171CB /* Project object */;
			proxyType = 1;
			remoteGlobalIDString = 43910A95203CC917009171CB;
			remoteInfo = botsocial;
		};
/* End PBXContainerItemProxy section */

/* Begin PBXFileReference section */
		02104989A54D3F0BB2BBB9A2 /* Pods-botsocial.debug.xcconfig */ = {isa = PBXFileReference; includeInIndex = 1; lastKnownFileType = text.xcconfig; name = "Pods-botsocial.debug.xcconfig"; path = "Pods/Target Support Files/Pods-botsocial/Pods-botsocial.debug.xcconfig"; sourceTree = "<group>"; };
		0465A3F5DFB0E8F27F3D4361 /* Pods-botsocialUITests.release.xcconfig */ = {isa = PBXFileReference; includeInIndex = 1; lastKnownFileType = text.xcconfig; name = "Pods-botsocialUITests.release.xcconfig"; path = "Pods/Target Support Files/Pods-botsocialUITests/Pods-botsocialUITests.release.xcconfig"; sourceTree = "<group>"; };
		1D7E4F162775003FD8D50743 /* Pods-botsocialTests.release.xcconfig */ = {isa = PBXFileReference; includeInIndex = 1; lastKnownFileType = text.xcconfig; name = "Pods-botsocialTests.release.xcconfig"; path = "Pods/Target Support Files/Pods-botsocialTests/Pods-botsocialTests.release.xcconfig"; sourceTree = "<group>"; };
		430E619B205F066B00AECF27 /* BSFeedViewController.swift */ = {isa = PBXFileReference; lastKnownFileType = sourcecode.swift; path = BSFeedViewController.swift; sourceTree = "<group>"; };
		430E619D205F076B00AECF27 /* BSFeedTableViewCell.swift */ = {isa = PBXFileReference; lastKnownFileType = sourcecode.swift; path = BSFeedTableViewCell.swift; sourceTree = "<group>"; };
		430E619F205F0C6100AECF27 /* BSCameraViewController.swift */ = {isa = PBXFileReference; lastKnownFileType = sourcecode.swift; path = BSCameraViewController.swift; sourceTree = "<group>"; };
		430E61A1205F0C6D00AECF27 /* BSNotificationsViewController.swift */ = {isa = PBXFileReference; lastKnownFileType = sourcecode.swift; path = BSNotificationsViewController.swift; sourceTree = "<group>"; };
		430E61A3205F0C7700AECF27 /* BSAccountViewController.swift */ = {isa = PBXFileReference; lastKnownFileType = sourcecode.swift; path = BSAccountViewController.swift; sourceTree = "<group>"; };
		430E61A5205F0FB700AECF27 /* BSUserSnippetTableViewCell.swift */ = {isa = PBXFileReference; lastKnownFileType = sourcecode.swift; path = BSUserSnippetTableViewCell.swift; sourceTree = "<group>"; };
		430E61A7205F104600AECF27 /* Constants.swift */ = {isa = PBXFileReference; lastKnownFileType = sourcecode.swift; path = Constants.swift; sourceTree = "<group>"; };
		430E61A9205F117900AECF27 /* CustomUIKitExtensions.swift */ = {isa = PBXFileReference; lastKnownFileType = sourcecode.swift; path = CustomUIKitExtensions.swift; sourceTree = "<group>"; };
		430E61AB205F11B200AECF27 /* BSSeparator.swift */ = {isa = PBXFileReference; lastKnownFileType = sourcecode.swift; path = BSSeparator.swift; sourceTree = "<group>"; };
		430E61AD205F12B000AECF27 /* BSImageTableViewCell.swift */ = {isa = PBXFileReference; lastKnownFileType = sourcecode.swift; path = BSImageTableViewCell.swift; sourceTree = "<group>"; };
		430E61AF205F1BAB00AECF27 /* BSFeedActionsTableViewCell.swift */ = {isa = PBXFileReference; lastKnownFileType = sourcecode.swift; path = BSFeedActionsTableViewCell.swift; sourceTree = "<group>"; };
		430E61B1205F220A00AECF27 /* BSPostDetailTableViewCell.swift */ = {isa = PBXFileReference; lastKnownFileType = sourcecode.swift; path = BSPostDetailTableViewCell.swift; sourceTree = "<group>"; };
		430E61B3205F255B00AECF27 /* BSAddCommentTableViewCell.swift */ = {isa = PBXFileReference; lastKnownFileType = sourcecode.swift; path = BSAddCommentTableViewCell.swift; sourceTree = "<group>"; };
		437590C6206073ED00A7AAEA /* BSImageCollectionViewCell.swift */ = {isa = PBXFileReference; lastKnownFileType = sourcecode.swift; path = BSImageCollectionViewCell.swift; sourceTree = "<group>"; };
		437590C82060DED600A7AAEA /* BSPostViewController.swift */ = {isa = PBXFileReference; lastKnownFileType = sourcecode.swift; path = BSPostViewController.swift; sourceTree = "<group>"; };
		437590CA2060E8B800A7AAEA /* GoogleService-Info.plist */ = {isa = PBXFileReference; fileEncoding = 4; lastKnownFileType = text.plist.xml; path = "GoogleService-Info.plist"; sourceTree = "<group>"; };
		43910A96203CC917009171CB /* botsocial.app */ = {isa = PBXFileReference; explicitFileType = wrapper.application; includeInIndex = 0; path = botsocial.app; sourceTree = BUILT_PRODUCTS_DIR; };
		43910A99203CC917009171CB /* AppDelegate.swift */ = {isa = PBXFileReference; lastKnownFileType = sourcecode.swift; path = AppDelegate.swift; sourceTree = "<group>"; };
		43910AA2203CC917009171CB /* Assets.xcassets */ = {isa = PBXFileReference; lastKnownFileType = folder.assetcatalog; path = Assets.xcassets; sourceTree = "<group>"; };
		43910AA5203CC917009171CB /* Base */ = {isa = PBXFileReference; lastKnownFileType = file.storyboard; name = Base; path = Base.lproj/LaunchScreen.storyboard; sourceTree = "<group>"; };
		43910AA7203CC917009171CB /* Info.plist */ = {isa = PBXFileReference; lastKnownFileType = text.plist.xml; path = Info.plist; sourceTree = "<group>"; };
		43910AAC203CC917009171CB /* botsocialTests.xctest */ = {isa = PBXFileReference; explicitFileType = wrapper.cfbundle; includeInIndex = 0; path = botsocialTests.xctest; sourceTree = BUILT_PRODUCTS_DIR; };
		43910AB0203CC917009171CB /* botsocialTests.swift */ = {isa = PBXFileReference; lastKnownFileType = sourcecode.swift; path = botsocialTests.swift; sourceTree = "<group>"; };
		43910AB2203CC917009171CB /* Info.plist */ = {isa = PBXFileReference; lastKnownFileType = text.plist.xml; path = Info.plist; sourceTree = "<group>"; };
		43910AB7203CC918009171CB /* botsocialUITests.xctest */ = {isa = PBXFileReference; explicitFileType = wrapper.cfbundle; includeInIndex = 0; path = botsocialUITests.xctest; sourceTree = BUILT_PRODUCTS_DIR; };
		43910ABB203CC918009171CB /* botsocialUITests.swift */ = {isa = PBXFileReference; lastKnownFileType = sourcecode.swift; path = botsocialUITests.swift; sourceTree = "<group>"; };
		43910ABD203CC918009171CB /* Info.plist */ = {isa = PBXFileReference; lastKnownFileType = text.plist.xml; path = Info.plist; sourceTree = "<group>"; };
		43927C9720603DDE002BE1AC /* BSPhotoCaptureDelegate.swift */ = {isa = PBXFileReference; lastKnownFileType = sourcecode.swift; path = BSPhotoCaptureDelegate.swift; sourceTree = "<group>"; };
		43927C9920605B09002BE1AC /* BSNotificationTableViewCell.swift */ = {isa = PBXFileReference; lastKnownFileType = sourcecode.swift; path = BSNotificationTableViewCell.swift; sourceTree = "<group>"; };
		43927C9B20606D20002BE1AC /* BSUserProfileCollectionViewCell.swift */ = {isa = PBXFileReference; lastKnownFileType = sourcecode.swift; path = BSUserProfileCollectionViewCell.swift; sourceTree = "<group>"; };
		43A5174120629E3D00F49ADF /* BSFilterView.swift */ = {isa = PBXFileReference; lastKnownFileType = sourcecode.swift; path = BSFilterView.swift; sourceTree = "<group>"; };
		43A5174320629FAC00F49ADF /* BSFilterCollectionViewCell.swift */ = {isa = PBXFileReference; lastKnownFileType = sourcecode.swift; path = BSFilterCollectionViewCell.swift; sourceTree = "<group>"; };
		43A98C05206122B500739551 /* BSFeaturedPostTableViewCell.swift */ = {isa = PBXFileReference; lastKnownFileType = sourcecode.swift; path = BSFeaturedPostTableViewCell.swift; sourceTree = "<group>"; };
		4718A2820C609AF2A7866FA5 /* Pods_botsocialTests.framework */ = {isa = PBXFileReference; explicitFileType = wrapper.framework; includeInIndex = 0; path = Pods_botsocialTests.framework; sourceTree = BUILT_PRODUCTS_DIR; };
		69B79F3524E09D553463AFD5 /* Pods_botsocialUITests.framework */ = {isa = PBXFileReference; explicitFileType = wrapper.framework; includeInIndex = 0; path = Pods_botsocialUITests.framework; sourceTree = BUILT_PRODUCTS_DIR; };
		8249967623E8A4519A98D9B5 /* Pods-botsocial.release.xcconfig */ = {isa = PBXFileReference; includeInIndex = 1; lastKnownFileType = text.xcconfig; name = "Pods-botsocial.release.xcconfig"; path = "Pods/Target Support Files/Pods-botsocial/Pods-botsocial.release.xcconfig"; sourceTree = "<group>"; };
		AA6EA936882806B8398C9239 /* Pods-botsocialTests.debug.xcconfig */ = {isa = PBXFileReference; includeInIndex = 1; lastKnownFileType = text.xcconfig; name = "Pods-botsocialTests.debug.xcconfig"; path = "Pods/Target Support Files/Pods-botsocialTests/Pods-botsocialTests.debug.xcconfig"; sourceTree = "<group>"; };
		B1E32F1BB56315AF3565A6A9 /* Pods-botsocialUITests.debug.xcconfig */ = {isa = PBXFileReference; includeInIndex = 1; lastKnownFileType = text.xcconfig; name = "Pods-botsocialUITests.debug.xcconfig"; path = "Pods/Target Support Files/Pods-botsocialUITests/Pods-botsocialUITests.debug.xcconfig"; sourceTree = "<group>"; };
		E6D73461FF8EA10B5F94BD03 /* Pods_botsocial.framework */ = {isa = PBXFileReference; explicitFileType = wrapper.framework; includeInIndex = 0; path = Pods_botsocial.framework; sourceTree = BUILT_PRODUCTS_DIR; };
/* End PBXFileReference section */

/* Begin PBXFrameworksBuildPhase section */
		43910A93203CC917009171CB /* Frameworks */ = {
			isa = PBXFrameworksBuildPhase;
			buildActionMask = 2147483647;
			files = (
				6696C21C6D06CDDC0C9C3975 /* Pods_botsocial.framework in Frameworks */,
			);
			runOnlyForDeploymentPostprocessing = 0;
		};
		43910AA9203CC917009171CB /* Frameworks */ = {
			isa = PBXFrameworksBuildPhase;
			buildActionMask = 2147483647;
			files = (
				91745515BC721B3D3F09F253 /* Pods_botsocialTests.framework in Frameworks */,
			);
			runOnlyForDeploymentPostprocessing = 0;
		};
		43910AB4203CC918009171CB /* Frameworks */ = {
			isa = PBXFrameworksBuildPhase;
			buildActionMask = 2147483647;
			files = (
				A2EF02B790F2FFC112BE2E00 /* Pods_botsocialUITests.framework in Frameworks */,
			);
			runOnlyForDeploymentPostprocessing = 0;
		};
/* End PBXFrameworksBuildPhase section */

/* Begin PBXGroup section */
		43910A8D203CC917009171CB = {
			isa = PBXGroup;
			children = (
				43910A98203CC917009171CB /* botsocial */,
				43910AAF203CC917009171CB /* botsocialTests */,
				43910ABA203CC918009171CB /* botsocialUITests */,
				43910A97203CC917009171CB /* Products */,
				AAD362DF12D387AEB430FEB1 /* Pods */,
				684667AF3C5C9CF8C8181BA9 /* Frameworks */,
			);
			sourceTree = "<group>";
		};
		43910A97203CC917009171CB /* Products */ = {
			isa = PBXGroup;
			children = (
				43910A96203CC917009171CB /* botsocial.app */,
				43910AAC203CC917009171CB /* botsocialTests.xctest */,
				43910AB7203CC918009171CB /* botsocialUITests.xctest */,
			);
			name = Products;
			sourceTree = "<group>";
		};
		43910A98203CC917009171CB /* botsocial */ = {
			isa = PBXGroup;
			children = (
				43910A99203CC917009171CB /* AppDelegate.swift */,
				43910AA2203CC917009171CB /* Assets.xcassets */,
				43927C9720603DDE002BE1AC /* BSPhotoCaptureDelegate.swift */,
				43927C9920605B09002BE1AC /* BSNotificationTableViewCell.swift */,
				43927C9B20606D20002BE1AC /* BSUserProfileCollectionViewCell.swift */,
				437590CA2060E8B800A7AAEA /* GoogleService-Info.plist */,
				437590C6206073ED00A7AAEA /* BSImageCollectionViewCell.swift */,
				430E619F205F0C6100AECF27 /* BSCameraViewController.swift */,
				430E61A1205F0C6D00AECF27 /* BSNotificationsViewController.swift */,
				430E61A3205F0C7700AECF27 /* BSAccountViewController.swift */,
				43910AA4203CC917009171CB /* LaunchScreen.storyboard */,
				437590C82060DED600A7AAEA /* BSPostViewController.swift */,
				43910AA7203CC917009171CB /* Info.plist */,
				430E619B205F066B00AECF27 /* BSFeedViewController.swift */,
				430E619D205F076B00AECF27 /* BSFeedTableViewCell.swift */,
				430E61A5205F0FB700AECF27 /* BSUserSnippetTableViewCell.swift */,
				430E61AF205F1BAB00AECF27 /* BSFeedActionsTableViewCell.swift */,
				430E61B1205F220A00AECF27 /* BSPostDetailTableViewCell.swift */,
				430E61B3205F255B00AECF27 /* BSAddCommentTableViewCell.swift */,
				430E61A7205F104600AECF27 /* Constants.swift */,
				430E61A9205F117900AECF27 /* CustomUIKitExtensions.swift */,
				430E61AB205F11B200AECF27 /* BSSeparator.swift */,
				430E61AD205F12B000AECF27 /* BSImageTableViewCell.swift */,
				43A98C05206122B500739551 /* BSFeaturedPostTableViewCell.swift */,
				43A5174120629E3D00F49ADF /* BSFilterView.swift */,
				43A5174320629FAC00F49ADF /* BSFilterCollectionViewCell.swift */,
			);
			path = botsocial;
			sourceTree = "<group>";
		};
		43910AAF203CC917009171CB /* botsocialTests */ = {
			isa = PBXGroup;
			children = (
				43910AB0203CC917009171CB /* botsocialTests.swift */,
				43910AB2203CC917009171CB /* Info.plist */,
			);
			path = botsocialTests;
			sourceTree = "<group>";
		};
		43910ABA203CC918009171CB /* botsocialUITests */ = {
			isa = PBXGroup;
			children = (
				43910ABB203CC918009171CB /* botsocialUITests.swift */,
				43910ABD203CC918009171CB /* Info.plist */,
			);
			path = botsocialUITests;
			sourceTree = "<group>";
		};
		684667AF3C5C9CF8C8181BA9 /* Frameworks */ = {
			isa = PBXGroup;
			children = (
				E6D73461FF8EA10B5F94BD03 /* Pods_botsocial.framework */,
				4718A2820C609AF2A7866FA5 /* Pods_botsocialTests.framework */,
				69B79F3524E09D553463AFD5 /* Pods_botsocialUITests.framework */,
			);
			name = Frameworks;
			sourceTree = "<group>";
		};
		AAD362DF12D387AEB430FEB1 /* Pods */ = {
			isa = PBXGroup;
			children = (
				02104989A54D3F0BB2BBB9A2 /* Pods-botsocial.debug.xcconfig */,
				8249967623E8A4519A98D9B5 /* Pods-botsocial.release.xcconfig */,
				AA6EA936882806B8398C9239 /* Pods-botsocialTests.debug.xcconfig */,
				1D7E4F162775003FD8D50743 /* Pods-botsocialTests.release.xcconfig */,
				B1E32F1BB56315AF3565A6A9 /* Pods-botsocialUITests.debug.xcconfig */,
				0465A3F5DFB0E8F27F3D4361 /* Pods-botsocialUITests.release.xcconfig */,
			);
			name = Pods;
			sourceTree = "<group>";
		};
/* End PBXGroup section */

/* Begin PBXNativeTarget section */
		43910A95203CC917009171CB /* botsocial */ = {
			isa = PBXNativeTarget;
			buildConfigurationList = 43910AC0203CC918009171CB /* Build configuration list for PBXNativeTarget "botsocial" */;
			buildPhases = (
				C8B02439533C23B4045E0E66 /* [CP] Check Pods Manifest.lock */,
				43910A92203CC917009171CB /* Sources */,
				43910A93203CC917009171CB /* Frameworks */,
				43910A94203CC917009171CB /* Resources */,
				AFE3179C2EA1D44F69188E69 /* [CP] Embed Pods Frameworks */,
				A36FFDAE6096B3904276D38C /* [CP] Copy Pods Resources */,
			);
			buildRules = (
			);
			dependencies = (
			);
			name = botsocial;
			productName = botsocial;
			productReference = 43910A96203CC917009171CB /* botsocial.app */;
			productType = "com.apple.product-type.application";
		};
		43910AAB203CC917009171CB /* botsocialTests */ = {
			isa = PBXNativeTarget;
			buildConfigurationList = 43910AC3203CC918009171CB /* Build configuration list for PBXNativeTarget "botsocialTests" */;
			buildPhases = (
				2BD6B566962989EC1012B259 /* [CP] Check Pods Manifest.lock */,
				43910AA8203CC917009171CB /* Sources */,
				43910AA9203CC917009171CB /* Frameworks */,
				43910AAA203CC917009171CB /* Resources */,
				8E74BD100E182326186D40A9 /* [CP] Embed Pods Frameworks */,
				19B7F4BCB642C1EA83D77F80 /* [CP] Copy Pods Resources */,
			);
			buildRules = (
			);
			dependencies = (
				43910AAE203CC917009171CB /* PBXTargetDependency */,
			);
			name = botsocialTests;
			productName = botsocialTests;
			productReference = 43910AAC203CC917009171CB /* botsocialTests.xctest */;
			productType = "com.apple.product-type.bundle.unit-test";
		};
		43910AB6203CC918009171CB /* botsocialUITests */ = {
			isa = PBXNativeTarget;
			buildConfigurationList = 43910AC6203CC918009171CB /* Build configuration list for PBXNativeTarget "botsocialUITests" */;
			buildPhases = (
				B5D2B0406C8D1B8D9EB9D940 /* [CP] Check Pods Manifest.lock */,
				43910AB3203CC918009171CB /* Sources */,
				43910AB4203CC918009171CB /* Frameworks */,
				43910AB5203CC918009171CB /* Resources */,
				F6CF11B4D8702F1519E04661 /* [CP] Embed Pods Frameworks */,
				5F83784D29BF7E44C012569B /* [CP] Copy Pods Resources */,
			);
			buildRules = (
			);
			dependencies = (
				43910AB9203CC918009171CB /* PBXTargetDependency */,
			);
			name = botsocialUITests;
			productName = botsocialUITests;
			productReference = 43910AB7203CC918009171CB /* botsocialUITests.xctest */;
			productType = "com.apple.product-type.bundle.ui-testing";
		};
/* End PBXNativeTarget section */

/* Begin PBXProject section */
		43910A8E203CC917009171CB /* Project object */ = {
			isa = PBXProject;
			attributes = {
				LastSwiftUpdateCheck = 0920;
				LastUpgradeCheck = 0920;
				ORGANIZATIONNAME = AamirAnwar;
				TargetAttributes = {
					43910A95203CC917009171CB = {
						CreatedOnToolsVersion = 9.2;
						ProvisioningStyle = Automatic;
					};
					43910AAB203CC917009171CB = {
						CreatedOnToolsVersion = 9.2;
						ProvisioningStyle = Automatic;
						TestTargetID = 43910A95203CC917009171CB;
					};
					43910AB6203CC918009171CB = {
						CreatedOnToolsVersion = 9.2;
						ProvisioningStyle = Automatic;
						TestTargetID = 43910A95203CC917009171CB;
					};
				};
			};
			buildConfigurationList = 43910A91203CC917009171CB /* Build configuration list for PBXProject "botsocial" */;
			compatibilityVersion = "Xcode 8.0";
			developmentRegion = en;
			hasScannedForEncodings = 0;
			knownRegions = (
				en,
				Base,
			);
			mainGroup = 43910A8D203CC917009171CB;
			productRefGroup = 43910A97203CC917009171CB /* Products */;
			projectDirPath = "";
			projectRoot = "";
			targets = (
				43910A95203CC917009171CB /* botsocial */,
				43910AAB203CC917009171CB /* botsocialTests */,
				43910AB6203CC918009171CB /* botsocialUITests */,
			);
		};
/* End PBXProject section */

/* Begin PBXResourcesBuildPhase section */
		43910A94203CC917009171CB /* Resources */ = {
			isa = PBXResourcesBuildPhase;
			buildActionMask = 2147483647;
			files = (
				437590CB2060E8B900A7AAEA /* GoogleService-Info.plist in Resources */,
				43910AA6203CC917009171CB /* LaunchScreen.storyboard in Resources */,
				43910AA3203CC917009171CB /* Assets.xcassets in Resources */,
			);
			runOnlyForDeploymentPostprocessing = 0;
		};
		43910AAA203CC917009171CB /* Resources */ = {
			isa = PBXResourcesBuildPhase;
			buildActionMask = 2147483647;
			files = (
			);
			runOnlyForDeploymentPostprocessing = 0;
		};
		43910AB5203CC918009171CB /* Resources */ = {
			isa = PBXResourcesBuildPhase;
			buildActionMask = 2147483647;
			files = (
			);
			runOnlyForDeploymentPostprocessing = 0;
		};
/* End PBXResourcesBuildPhase section */

/* Begin PBXShellScriptBuildPhase section */
		19B7F4BCB642C1EA83D77F80 /* [CP] Copy Pods Resources */ = {
			isa = PBXShellScriptBuildPhase;
			buildActionMask = 2147483647;
			files = (
			);
			inputPaths = (
			);
			name = "[CP] Copy Pods Resources";
			outputPaths = (
			);
			runOnlyForDeploymentPostprocessing = 0;
			shellPath = /bin/sh;
			shellScript = "\"${SRCROOT}/Pods/Target Support Files/Pods-botsocialTests/Pods-botsocialTests-resources.sh\"\n";
			showEnvVarsInLog = 0;
		};
		2BD6B566962989EC1012B259 /* [CP] Check Pods Manifest.lock */ = {
			isa = PBXShellScriptBuildPhase;
			buildActionMask = 2147483647;
			files = (
			);
			inputPaths = (
				"${PODS_PODFILE_DIR_PATH}/Podfile.lock",
				"${PODS_ROOT}/Manifest.lock",
			);
			name = "[CP] Check Pods Manifest.lock";
			outputPaths = (
				"$(DERIVED_FILE_DIR)/Pods-botsocialTests-checkManifestLockResult.txt",
			);
			runOnlyForDeploymentPostprocessing = 0;
			shellPath = /bin/sh;
			shellScript = "diff \"${PODS_PODFILE_DIR_PATH}/Podfile.lock\" \"${PODS_ROOT}/Manifest.lock\" > /dev/null\nif [ $? != 0 ] ; then\n    # print error to STDERR\n    echo \"error: The sandbox is not in sync with the Podfile.lock. Run 'pod install' or update your CocoaPods installation.\" >&2\n    exit 1\nfi\n# This output is used by Xcode 'outputs' to avoid re-running this script phase.\necho \"SUCCESS\" > \"${SCRIPT_OUTPUT_FILE_0}\"\n";
			showEnvVarsInLog = 0;
		};
		5F83784D29BF7E44C012569B /* [CP] Copy Pods Resources */ = {
			isa = PBXShellScriptBuildPhase;
			buildActionMask = 2147483647;
			files = (
			);
			inputPaths = (
			);
			name = "[CP] Copy Pods Resources";
			outputPaths = (
			);
			runOnlyForDeploymentPostprocessing = 0;
			shellPath = /bin/sh;
			shellScript = "\"${SRCROOT}/Pods/Target Support Files/Pods-botsocialUITests/Pods-botsocialUITests-resources.sh\"\n";
			showEnvVarsInLog = 0;
		};
		8E74BD100E182326186D40A9 /* [CP] Embed Pods Frameworks */ = {
			isa = PBXShellScriptBuildPhase;
			buildActionMask = 2147483647;
			files = (
			);
			inputPaths = (
			);
			name = "[CP] Embed Pods Frameworks";
			outputPaths = (
			);
			runOnlyForDeploymentPostprocessing = 0;
			shellPath = /bin/sh;
			shellScript = "\"${SRCROOT}/Pods/Target Support Files/Pods-botsocialTests/Pods-botsocialTests-frameworks.sh\"\n";
			showEnvVarsInLog = 0;
		};
		A36FFDAE6096B3904276D38C /* [CP] Copy Pods Resources */ = {
			isa = PBXShellScriptBuildPhase;
			buildActionMask = 2147483647;
			files = (
			);
			inputPaths = (
				"${SRCROOT}/Pods/Target Support Files/Pods-botsocial/Pods-botsocial-resources.sh",
				"${PODS_CONFIGURATION_BUILD_DIR}/FirebaseUI/FirebaseAuthUI.bundle",
				"${PODS_CONFIGURATION_BUILD_DIR}/FirebaseUI/FirebaseFacebookAuthUI.bundle",
				"${PODS_CONFIGURATION_BUILD_DIR}/FirebaseUI/FirebaseGoogleAuthUI.bundle",
				"${PODS_CONFIGURATION_BUILD_DIR}/FirebaseUI/FirebasePhoneAuthUI.bundle",
				"${PODS_CONFIGURATION_BUILD_DIR}/FirebaseUI/FirebaseTwitterAuthUI.bundle",
				"${PODS_ROOT}/GoogleSignIn/Resources/GoogleSignIn.bundle",
				"${PODS_ROOT}/TwitterKit/iOS/TwitterKit.framework/TwitterKitResources.bundle",
				"${PODS_ROOT}/TwitterKit/iOS/TwitterKit.framework/TwitterShareExtensionUIResources.bundle",
			);
			name = "[CP] Copy Pods Resources";
			outputPaths = (
				"${TARGET_BUILD_DIR}/${UNLOCALIZED_RESOURCES_FOLDER_PATH}/FirebaseAuthUI.bundle",
				"${TARGET_BUILD_DIR}/${UNLOCALIZED_RESOURCES_FOLDER_PATH}/FirebaseFacebookAuthUI.bundle",
				"${TARGET_BUILD_DIR}/${UNLOCALIZED_RESOURCES_FOLDER_PATH}/FirebaseGoogleAuthUI.bundle",
				"${TARGET_BUILD_DIR}/${UNLOCALIZED_RESOURCES_FOLDER_PATH}/FirebasePhoneAuthUI.bundle",
				"${TARGET_BUILD_DIR}/${UNLOCALIZED_RESOURCES_FOLDER_PATH}/FirebaseTwitterAuthUI.bundle",
				"${TARGET_BUILD_DIR}/${UNLOCALIZED_RESOURCES_FOLDER_PATH}/GoogleSignIn.bundle",
				"${TARGET_BUILD_DIR}/${UNLOCALIZED_RESOURCES_FOLDER_PATH}/TwitterKitResources.bundle",
				"${TARGET_BUILD_DIR}/${UNLOCALIZED_RESOURCES_FOLDER_PATH}/TwitterShareExtensionUIResources.bundle",
			);
			runOnlyForDeploymentPostprocessing = 0;
			shellPath = /bin/sh;
			shellScript = "\"${SRCROOT}/Pods/Target Support Files/Pods-botsocial/Pods-botsocial-resources.sh\"\n";
			showEnvVarsInLog = 0;
		};
		AFE3179C2EA1D44F69188E69 /* [CP] Embed Pods Frameworks */ = {
			isa = PBXShellScriptBuildPhase;
			buildActionMask = 2147483647;
			files = (
			);
			inputPaths = (
				"${SRCROOT}/Pods/Target Support Files/Pods-botsocial/Pods-botsocial-frameworks.sh",
				"${BUILT_PRODUCTS_DIR}/Bolts/Bolts.framework",
				"${BUILT_PRODUCTS_DIR}/BoringSSL/openssl.framework",
				"${BUILT_PRODUCTS_DIR}/FBSDKCoreKit/FBSDKCoreKit.framework",
				"${BUILT_PRODUCTS_DIR}/FBSDKLoginKit/FBSDKLoginKit.framework",
				"${BUILT_PRODUCTS_DIR}/FLAnimatedImage/FLAnimatedImage.framework",
				"${BUILT_PRODUCTS_DIR}/GTMOAuth2/GTMOAuth2.framework",
				"${BUILT_PRODUCTS_DIR}/GTMSessionFetcher/GTMSessionFetcher.framework",
				"${BUILT_PRODUCTS_DIR}/GoogleToolboxForMac/GoogleToolboxForMac.framework",
				"${BUILT_PRODUCTS_DIR}/PINCache/PINCache.framework",
				"${BUILT_PRODUCTS_DIR}/PINOperation/PINOperation.framework",
				"${BUILT_PRODUCTS_DIR}/PINRemoteImage/PINRemoteImage.framework",
				"${BUILT_PRODUCTS_DIR}/Protobuf/Protobuf.framework",
				"${BUILT_PRODUCTS_DIR}/SDWebImage/SDWebImage.framework",
				"${BUILT_PRODUCTS_DIR}/Sharaku/Sharaku.framework",
				"${BUILT_PRODUCTS_DIR}/SnapKit/SnapKit.framework",
				"${PODS_ROOT}/TwitterCore/iOS/TwitterCore.framework",
				"${PODS_ROOT}/TwitterKit/iOS/TwitterKit.framework",
				"${BUILT_PRODUCTS_DIR}/gRPC/GRPCClient.framework",
				"${BUILT_PRODUCTS_DIR}/gRPC-Core/grpc.framework",
				"${BUILT_PRODUCTS_DIR}/gRPC-ProtoRPC/ProtoRPC.framework",
				"${BUILT_PRODUCTS_DIR}/gRPC-RxLibrary/RxLibrary.framework",
				"${BUILT_PRODUCTS_DIR}/leveldb-library/leveldb.framework",
				"${BUILT_PRODUCTS_DIR}/nanopb/nanopb.framework",
			);
			name = "[CP] Embed Pods Frameworks";
			outputPaths = (
				"${TARGET_BUILD_DIR}/${FRAMEWORKS_FOLDER_PATH}/Bolts.framework",
				"${TARGET_BUILD_DIR}/${FRAMEWORKS_FOLDER_PATH}/openssl.framework",
				"${TARGET_BUILD_DIR}/${FRAMEWORKS_FOLDER_PATH}/FBSDKCoreKit.framework",
				"${TARGET_BUILD_DIR}/${FRAMEWORKS_FOLDER_PATH}/FBSDKLoginKit.framework",
				"${TARGET_BUILD_DIR}/${FRAMEWORKS_FOLDER_PATH}/FLAnimatedImage.framework",
				"${TARGET_BUILD_DIR}/${FRAMEWORKS_FOLDER_PATH}/GTMOAuth2.framework",
				"${TARGET_BUILD_DIR}/${FRAMEWORKS_FOLDER_PATH}/GTMSessionFetcher.framework",
				"${TARGET_BUILD_DIR}/${FRAMEWORKS_FOLDER_PATH}/GoogleToolboxForMac.framework",
				"${TARGET_BUILD_DIR}/${FRAMEWORKS_FOLDER_PATH}/PINCache.framework",
				"${TARGET_BUILD_DIR}/${FRAMEWORKS_FOLDER_PATH}/PINOperation.framework",
				"${TARGET_BUILD_DIR}/${FRAMEWORKS_FOLDER_PATH}/PINRemoteImage.framework",
				"${TARGET_BUILD_DIR}/${FRAMEWORKS_FOLDER_PATH}/Protobuf.framework",
				"${TARGET_BUILD_DIR}/${FRAMEWORKS_FOLDER_PATH}/SDWebImage.framework",
				"${TARGET_BUILD_DIR}/${FRAMEWORKS_FOLDER_PATH}/Sharaku.framework",
				"${TARGET_BUILD_DIR}/${FRAMEWORKS_FOLDER_PATH}/SnapKit.framework",
				"${TARGET_BUILD_DIR}/${FRAMEWORKS_FOLDER_PATH}/TwitterCore.framework",
				"${TARGET_BUILD_DIR}/${FRAMEWORKS_FOLDER_PATH}/TwitterKit.framework",
				"${TARGET_BUILD_DIR}/${FRAMEWORKS_FOLDER_PATH}/GRPCClient.framework",
				"${TARGET_BUILD_DIR}/${FRAMEWORKS_FOLDER_PATH}/grpc.framework",
				"${TARGET_BUILD_DIR}/${FRAMEWORKS_FOLDER_PATH}/ProtoRPC.framework",
				"${TARGET_BUILD_DIR}/${FRAMEWORKS_FOLDER_PATH}/RxLibrary.framework",
				"${TARGET_BUILD_DIR}/${FRAMEWORKS_FOLDER_PATH}/leveldb.framework",
				"${TARGET_BUILD_DIR}/${FRAMEWORKS_FOLDER_PATH}/nanopb.framework",
			);
			runOnlyForDeploymentPostprocessing = 0;
			shellPath = /bin/sh;
			shellScript = "\"${SRCROOT}/Pods/Target Support Files/Pods-botsocial/Pods-botsocial-frameworks.sh\"\n";
			showEnvVarsInLog = 0;
		};
		B5D2B0406C8D1B8D9EB9D940 /* [CP] Check Pods Manifest.lock */ = {
			isa = PBXShellScriptBuildPhase;
			buildActionMask = 2147483647;
			files = (
			);
			inputPaths = (
				"${PODS_PODFILE_DIR_PATH}/Podfile.lock",
				"${PODS_ROOT}/Manifest.lock",
			);
			name = "[CP] Check Pods Manifest.lock";
			outputPaths = (
				"$(DERIVED_FILE_DIR)/Pods-botsocialUITests-checkManifestLockResult.txt",
			);
			runOnlyForDeploymentPostprocessing = 0;
			shellPath = /bin/sh;
			shellScript = "diff \"${PODS_PODFILE_DIR_PATH}/Podfile.lock\" \"${PODS_ROOT}/Manifest.lock\" > /dev/null\nif [ $? != 0 ] ; then\n    # print error to STDERR\n    echo \"error: The sandbox is not in sync with the Podfile.lock. Run 'pod install' or update your CocoaPods installation.\" >&2\n    exit 1\nfi\n# This output is used by Xcode 'outputs' to avoid re-running this script phase.\necho \"SUCCESS\" > \"${SCRIPT_OUTPUT_FILE_0}\"\n";
			showEnvVarsInLog = 0;
		};
		C8B02439533C23B4045E0E66 /* [CP] Check Pods Manifest.lock */ = {
			isa = PBXShellScriptBuildPhase;
			buildActionMask = 2147483647;
			files = (
			);
			inputPaths = (
				"${PODS_PODFILE_DIR_PATH}/Podfile.lock",
				"${PODS_ROOT}/Manifest.lock",
			);
			name = "[CP] Check Pods Manifest.lock";
			outputPaths = (
				"$(DERIVED_FILE_DIR)/Pods-botsocial-checkManifestLockResult.txt",
			);
			runOnlyForDeploymentPostprocessing = 0;
			shellPath = /bin/sh;
			shellScript = "diff \"${PODS_PODFILE_DIR_PATH}/Podfile.lock\" \"${PODS_ROOT}/Manifest.lock\" > /dev/null\nif [ $? != 0 ] ; then\n    # print error to STDERR\n    echo \"error: The sandbox is not in sync with the Podfile.lock. Run 'pod install' or update your CocoaPods installation.\" >&2\n    exit 1\nfi\n# This output is used by Xcode 'outputs' to avoid re-running this script phase.\necho \"SUCCESS\" > \"${SCRIPT_OUTPUT_FILE_0}\"\n";
			showEnvVarsInLog = 0;
		};
		F6CF11B4D8702F1519E04661 /* [CP] Embed Pods Frameworks */ = {
			isa = PBXShellScriptBuildPhase;
			buildActionMask = 2147483647;
			files = (
			);
			inputPaths = (
			);
			name = "[CP] Embed Pods Frameworks";
			outputPaths = (
			);
			runOnlyForDeploymentPostprocessing = 0;
			shellPath = /bin/sh;
			shellScript = "\"${SRCROOT}/Pods/Target Support Files/Pods-botsocialUITests/Pods-botsocialUITests-frameworks.sh\"\n";
			showEnvVarsInLog = 0;
		};
/* End PBXShellScriptBuildPhase section */

/* Begin PBXSourcesBuildPhase section */
		43910A92203CC917009171CB /* Sources */ = {
			isa = PBXSourcesBuildPhase;
			buildActionMask = 2147483647;
			files = (
				430E61AC205F11B200AECF27 /* BSSeparator.swift in Sources */,
				43A5174220629E3D00F49ADF /* BSFilterView.swift in Sources */,
				43927C9A20605B09002BE1AC /* BSNotificationTableViewCell.swift in Sources */,
				430E61A0205F0C6100AECF27 /* BSCameraViewController.swift in Sources */,
				43A5174420629FAC00F49ADF /* BSFilterCollectionViewCell.swift in Sources */,
				437590C7206073ED00A7AAEA /* BSImageCollectionViewCell.swift in Sources */,
				430E61AE205F12B000AECF27 /* BSImageTableViewCell.swift in Sources */,
				430E619E205F076B00AECF27 /* BSFeedTableViewCell.swift in Sources */,
				43910A9A203CC917009171CB /* AppDelegate.swift in Sources */,
				430E61AA205F117900AECF27 /* CustomUIKitExtensions.swift in Sources */,
				430E61B2205F220A00AECF27 /* BSPostDetailTableViewCell.swift in Sources */,
				430E619C205F066B00AECF27 /* BSFeedViewController.swift in Sources */,
				43A98C06206122B500739551 /* BSFeaturedPostTableViewCell.swift in Sources */,
				437590C92060DED600A7AAEA /* BSPostViewController.swift in Sources */,
				430E61A2205F0C6D00AECF27 /* BSNotificationsViewController.swift in Sources */,
				430E61B0205F1BAB00AECF27 /* BSFeedActionsTableViewCell.swift in Sources */,
				43927C9C20606D20002BE1AC /* BSUserProfileCollectionViewCell.swift in Sources */,
				430E61B4205F255B00AECF27 /* BSAddCommentTableViewCell.swift in Sources */,
				430E61A8205F104600AECF27 /* Constants.swift in Sources */,
				43927C9820603DDE002BE1AC /* BSPhotoCaptureDelegate.swift in Sources */,
				430E61A4205F0C7700AECF27 /* BSAccountViewController.swift in Sources */,
				430E61A6205F0FB700AECF27 /* BSUserSnippetTableViewCell.swift in Sources */,
			);
			runOnlyForDeploymentPostprocessing = 0;
		};
		43910AA8203CC917009171CB /* Sources */ = {
			isa = PBXSourcesBuildPhase;
			buildActionMask = 2147483647;
			files = (
				43910AB1203CC917009171CB /* botsocialTests.swift in Sources */,
			);
			runOnlyForDeploymentPostprocessing = 0;
		};
		43910AB3203CC918009171CB /* Sources */ = {
			isa = PBXSourcesBuildPhase;
			buildActionMask = 2147483647;
			files = (
				43910ABC203CC918009171CB /* botsocialUITests.swift in Sources */,
			);
			runOnlyForDeploymentPostprocessing = 0;
		};
/* End PBXSourcesBuildPhase section */

/* Begin PBXTargetDependency section */
		43910AAE203CC917009171CB /* PBXTargetDependency */ = {
			isa = PBXTargetDependency;
			target = 43910A95203CC917009171CB /* botsocial */;
			targetProxy = 43910AAD203CC917009171CB /* PBXContainerItemProxy */;
		};
		43910AB9203CC918009171CB /* PBXTargetDependency */ = {
			isa = PBXTargetDependency;
			target = 43910A95203CC917009171CB /* botsocial */;
			targetProxy = 43910AB8203CC918009171CB /* PBXContainerItemProxy */;
		};
/* End PBXTargetDependency section */

/* Begin PBXVariantGroup section */
		43910AA4203CC917009171CB /* LaunchScreen.storyboard */ = {
			isa = PBXVariantGroup;
			children = (
				43910AA5203CC917009171CB /* Base */,
			);
			name = LaunchScreen.storyboard;
			sourceTree = "<group>";
		};
/* End PBXVariantGroup section */

/* Begin XCBuildConfiguration section */
		43910ABE203CC918009171CB /* Debug */ = {
			isa = XCBuildConfiguration;
			buildSettings = {
				ALWAYS_SEARCH_USER_PATHS = NO;
				CLANG_ANALYZER_NONNULL = YES;
				CLANG_ANALYZER_NUMBER_OBJECT_CONVERSION = YES_AGGRESSIVE;
				CLANG_CXX_LANGUAGE_STANDARD = "gnu++14";
				CLANG_CXX_LIBRARY = "libc++";
				CLANG_ENABLE_MODULES = YES;
				CLANG_ENABLE_OBJC_ARC = YES;
				CLANG_WARN_BLOCK_CAPTURE_AUTORELEASING = YES;
				CLANG_WARN_BOOL_CONVERSION = YES;
				CLANG_WARN_COMMA = YES;
				CLANG_WARN_CONSTANT_CONVERSION = YES;
				CLANG_WARN_DIRECT_OBJC_ISA_USAGE = YES_ERROR;
				CLANG_WARN_DOCUMENTATION_COMMENTS = YES;
				CLANG_WARN_EMPTY_BODY = YES;
				CLANG_WARN_ENUM_CONVERSION = YES;
				CLANG_WARN_INFINITE_RECURSION = YES;
				CLANG_WARN_INT_CONVERSION = YES;
				CLANG_WARN_NON_LITERAL_NULL_CONVERSION = YES;
				CLANG_WARN_OBJC_LITERAL_CONVERSION = YES;
				CLANG_WARN_OBJC_ROOT_CLASS = YES_ERROR;
				CLANG_WARN_RANGE_LOOP_ANALYSIS = YES;
				CLANG_WARN_STRICT_PROTOTYPES = YES;
				CLANG_WARN_SUSPICIOUS_MOVE = YES;
				CLANG_WARN_UNGUARDED_AVAILABILITY = YES_AGGRESSIVE;
				CLANG_WARN_UNREACHABLE_CODE = YES;
				CLANG_WARN__DUPLICATE_METHOD_MATCH = YES;
				CODE_SIGN_IDENTITY = "iPhone Developer";
				COPY_PHASE_STRIP = NO;
				DEBUG_INFORMATION_FORMAT = dwarf;
				ENABLE_STRICT_OBJC_MSGSEND = YES;
				ENABLE_TESTABILITY = YES;
				GCC_C_LANGUAGE_STANDARD = gnu11;
				GCC_DYNAMIC_NO_PIC = NO;
				GCC_NO_COMMON_BLOCKS = YES;
				GCC_OPTIMIZATION_LEVEL = 0;
				GCC_PREPROCESSOR_DEFINITIONS = (
					"DEBUG=1",
					"$(inherited)",
				);
				GCC_WARN_64_TO_32_BIT_CONVERSION = YES;
				GCC_WARN_ABOUT_RETURN_TYPE = YES_ERROR;
				GCC_WARN_UNDECLARED_SELECTOR = YES;
				GCC_WARN_UNINITIALIZED_AUTOS = YES_AGGRESSIVE;
				GCC_WARN_UNUSED_FUNCTION = YES;
				GCC_WARN_UNUSED_VARIABLE = YES;
				IPHONEOS_DEPLOYMENT_TARGET = 11.2;
				MTL_ENABLE_DEBUG_INFO = YES;
				ONLY_ACTIVE_ARCH = YES;
				SDKROOT = iphoneos;
				SWIFT_ACTIVE_COMPILATION_CONDITIONS = DEBUG;
				SWIFT_OPTIMIZATION_LEVEL = "-Onone";
			};
			name = Debug;
		};
		43910ABF203CC918009171CB /* Release */ = {
			isa = XCBuildConfiguration;
			buildSettings = {
				ALWAYS_SEARCH_USER_PATHS = NO;
				CLANG_ANALYZER_NONNULL = YES;
				CLANG_ANALYZER_NUMBER_OBJECT_CONVERSION = YES_AGGRESSIVE;
				CLANG_CXX_LANGUAGE_STANDARD = "gnu++14";
				CLANG_CXX_LIBRARY = "libc++";
				CLANG_ENABLE_MODULES = YES;
				CLANG_ENABLE_OBJC_ARC = YES;
				CLANG_WARN_BLOCK_CAPTURE_AUTORELEASING = YES;
				CLANG_WARN_BOOL_CONVERSION = YES;
				CLANG_WARN_COMMA = YES;
				CLANG_WARN_CONSTANT_CONVERSION = YES;
				CLANG_WARN_DIRECT_OBJC_ISA_USAGE = YES_ERROR;
				CLANG_WARN_DOCUMENTATION_COMMENTS = YES;
				CLANG_WARN_EMPTY_BODY = YES;
				CLANG_WARN_ENUM_CONVERSION = YES;
				CLANG_WARN_INFINITE_RECURSION = YES;
				CLANG_WARN_INT_CONVERSION = YES;
				CLANG_WARN_NON_LITERAL_NULL_CONVERSION = YES;
				CLANG_WARN_OBJC_LITERAL_CONVERSION = YES;
				CLANG_WARN_OBJC_ROOT_CLASS = YES_ERROR;
				CLANG_WARN_RANGE_LOOP_ANALYSIS = YES;
				CLANG_WARN_STRICT_PROTOTYPES = YES;
				CLANG_WARN_SUSPICIOUS_MOVE = YES;
				CLANG_WARN_UNGUARDED_AVAILABILITY = YES_AGGRESSIVE;
				CLANG_WARN_UNREACHABLE_CODE = YES;
				CLANG_WARN__DUPLICATE_METHOD_MATCH = YES;
				CODE_SIGN_IDENTITY = "iPhone Developer";
				COPY_PHASE_STRIP = NO;
				DEBUG_INFORMATION_FORMAT = "dwarf-with-dsym";
				ENABLE_NS_ASSERTIONS = NO;
				ENABLE_STRICT_OBJC_MSGSEND = YES;
				GCC_C_LANGUAGE_STANDARD = gnu11;
				GCC_NO_COMMON_BLOCKS = YES;
				GCC_WARN_64_TO_32_BIT_CONVERSION = YES;
				GCC_WARN_ABOUT_RETURN_TYPE = YES_ERROR;
				GCC_WARN_UNDECLARED_SELECTOR = YES;
				GCC_WARN_UNINITIALIZED_AUTOS = YES_AGGRESSIVE;
				GCC_WARN_UNUSED_FUNCTION = YES;
				GCC_WARN_UNUSED_VARIABLE = YES;
				IPHONEOS_DEPLOYMENT_TARGET = 11.2;
				MTL_ENABLE_DEBUG_INFO = NO;
				SDKROOT = iphoneos;
				SWIFT_OPTIMIZATION_LEVEL = "-Owholemodule";
				VALIDATE_PRODUCT = YES;
			};
			name = Release;
		};
		43910AC1203CC918009171CB /* Debug */ = {
			isa = XCBuildConfiguration;
			baseConfigurationReference = 02104989A54D3F0BB2BBB9A2 /* Pods-botsocial.debug.xcconfig */;
			buildSettings = {
				ASSETCATALOG_COMPILER_APPICON_NAME = AppIcon;
				CODE_SIGN_STYLE = Automatic;
				DEVELOPMENT_TEAM = C3RT9P7X65;
				INFOPLIST_FILE = botsocial/Info.plist;
				IPHONEOS_DEPLOYMENT_TARGET = 11.0;
				LD_RUNPATH_SEARCH_PATHS = "$(inherited) @executable_path/Frameworks";
				PRODUCT_BUNDLE_IDENTIFIER = com.aamiranwar.botsocial;
				PRODUCT_NAME = "$(TARGET_NAME)";
				SWIFT_VERSION = 4.0;
				TARGETED_DEVICE_FAMILY = "1,2";
			};
			name = Debug;
		};
		43910AC2203CC918009171CB /* Release */ = {
			isa = XCBuildConfiguration;
			baseConfigurationReference = 8249967623E8A4519A98D9B5 /* Pods-botsocial.release.xcconfig */;
			buildSettings = {
				ASSETCATALOG_COMPILER_APPICON_NAME = AppIcon;
				CODE_SIGN_STYLE = Automatic;
				DEVELOPMENT_TEAM = C3RT9P7X65;
				INFOPLIST_FILE = botsocial/Info.plist;
				IPHONEOS_DEPLOYMENT_TARGET = 11.0;
				LD_RUNPATH_SEARCH_PATHS = "$(inherited) @executable_path/Frameworks";
				PRODUCT_BUNDLE_IDENTIFIER = com.aamiranwar.botsocial;
				PRODUCT_NAME = "$(TARGET_NAME)";
				SWIFT_VERSION = 4.0;
				TARGETED_DEVICE_FAMILY = "1,2";
			};
			name = Release;
		};
		43910AC4203CC918009171CB /* Debug */ = {
			isa = XCBuildConfiguration;
			baseConfigurationReference = AA6EA936882806B8398C9239 /* Pods-botsocialTests.debug.xcconfig */;
			buildSettings = {
				ALWAYS_EMBED_SWIFT_STANDARD_LIBRARIES = YES;
				BUNDLE_LOADER = "$(TEST_HOST)";
				CODE_SIGN_STYLE = Automatic;
				DEVELOPMENT_TEAM = C3RT9P7X65;
				INFOPLIST_FILE = botsocialTests/Info.plist;
				LD_RUNPATH_SEARCH_PATHS = "$(inherited) @executable_path/Frameworks @loader_path/Frameworks";
				PRODUCT_BUNDLE_IDENTIFIER = com.aamiranwar.botsocialTests;
				PRODUCT_NAME = "$(TARGET_NAME)";
				SWIFT_VERSION = 4.0;
				TARGETED_DEVICE_FAMILY = "1,2";
				TEST_HOST = "$(BUILT_PRODUCTS_DIR)/botsocial.app/botsocial";
			};
			name = Debug;
		};
		43910AC5203CC918009171CB /* Release */ = {
			isa = XCBuildConfiguration;
			baseConfigurationReference = 1D7E4F162775003FD8D50743 /* Pods-botsocialTests.release.xcconfig */;
			buildSettings = {
				ALWAYS_EMBED_SWIFT_STANDARD_LIBRARIES = YES;
				BUNDLE_LOADER = "$(TEST_HOST)";
				CODE_SIGN_STYLE = Automatic;
				DEVELOPMENT_TEAM = C3RT9P7X65;
				INFOPLIST_FILE = botsocialTests/Info.plist;
				LD_RUNPATH_SEARCH_PATHS = "$(inherited) @executable_path/Frameworks @loader_path/Frameworks";
				PRODUCT_BUNDLE_IDENTIFIER = com.aamiranwar.botsocialTests;
				PRODUCT_NAME = "$(TARGET_NAME)";
				SWIFT_VERSION = 4.0;
				TARGETED_DEVICE_FAMILY = "1,2";
				TEST_HOST = "$(BUILT_PRODUCTS_DIR)/botsocial.app/botsocial";
			};
			name = Release;
		};
		43910AC7203CC918009171CB /* Debug */ = {
			isa = XCBuildConfiguration;
			baseConfigurationReference = B1E32F1BB56315AF3565A6A9 /* Pods-botsocialUITests.debug.xcconfig */;
			buildSettings = {
				ALWAYS_EMBED_SWIFT_STANDARD_LIBRARIES = YES;
				CODE_SIGN_STYLE = Automatic;
				DEVELOPMENT_TEAM = C3RT9P7X65;
				INFOPLIST_FILE = botsocialUITests/Info.plist;
				LD_RUNPATH_SEARCH_PATHS = "$(inherited) @executable_path/Frameworks @loader_path/Frameworks";
				PRODUCT_BUNDLE_IDENTIFIER = com.aamiranwar.botsocialUITests;
				PRODUCT_NAME = "$(TARGET_NAME)";
				SWIFT_VERSION = 4.0;
				TARGETED_DEVICE_FAMILY = "1,2";
				TEST_TARGET_NAME = botsocial;
			};
			name = Debug;
		};
		43910AC8203CC918009171CB /* Release */ = {
			isa = XCBuildConfiguration;
			baseConfigurationReference = 0465A3F5DFB0E8F27F3D4361 /* Pods-botsocialUITests.release.xcconfig */;
			buildSettings = {
				ALWAYS_EMBED_SWIFT_STANDARD_LIBRARIES = YES;
				CODE_SIGN_STYLE = Automatic;
				DEVELOPMENT_TEAM = C3RT9P7X65;
				INFOPLIST_FILE = botsocialUITests/Info.plist;
				LD_RUNPATH_SEARCH_PATHS = "$(inherited) @executable_path/Frameworks @loader_path/Frameworks";
				PRODUCT_BUNDLE_IDENTIFIER = com.aamiranwar.botsocialUITests;
				PRODUCT_NAME = "$(TARGET_NAME)";
				SWIFT_VERSION = 4.0;
				TARGETED_DEVICE_FAMILY = "1,2";
				TEST_TARGET_NAME = botsocial;
			};
			name = Release;
		};
/* End XCBuildConfiguration section */

/* Begin XCConfigurationList section */
		43910A91203CC917009171CB /* Build configuration list for PBXProject "botsocial" */ = {
			isa = XCConfigurationList;
			buildConfigurations = (
				43910ABE203CC918009171CB /* Debug */,
				43910ABF203CC918009171CB /* Release */,
			);
			defaultConfigurationIsVisible = 0;
			defaultConfigurationName = Release;
		};
		43910AC0203CC918009171CB /* Build configuration list for PBXNativeTarget "botsocial" */ = {
			isa = XCConfigurationList;
			buildConfigurations = (
				43910AC1203CC918009171CB /* Debug */,
				43910AC2203CC918009171CB /* Release */,
			);
			defaultConfigurationIsVisible = 0;
			defaultConfigurationName = Release;
		};
		43910AC3203CC918009171CB /* Build configuration list for PBXNativeTarget "botsocialTests" */ = {
			isa = XCConfigurationList;
			buildConfigurations = (
				43910AC4203CC918009171CB /* Debug */,
				43910AC5203CC918009171CB /* Release */,
			);
			defaultConfigurationIsVisible = 0;
			defaultConfigurationName = Release;
		};
		43910AC6203CC918009171CB /* Build configuration list for PBXNativeTarget "botsocialUITests" */ = {
			isa = XCConfigurationList;
			buildConfigurations = (
				43910AC7203CC918009171CB /* Debug */,
				43910AC8203CC918009171CB /* Release */,
			);
			defaultConfigurationIsVisible = 0;
			defaultConfigurationName = Release;
		};
/* End XCConfigurationList section */
	};
	rootObject = 43910A8E203CC917009171CB /* Project object */;
}
